
Microsoft Visual Studio Solution File, Format Version 12.00
# Visual Studio Version 17
VisualStudioVersion = 17.7.34018.315
MinimumVisualStudioVersion = 10.0.40219.1
Project("{FAE04EC0-301F-11D3-BF4B-00C04F79EFBC}") = "Uppgift 2.5", "Uppgift 2.5\Uppgift 2.5.csproj", "{7C90C43B-B237-4F86-8088-53D686C7FDEA}"
EndProject
Global
	GlobalSection(SolutionConfigurationPlatforms) = preSolution
		Debug|Any CPU = Debug|Any CPU
		Release|Any CPU = Release|Any CPU
	EndGlobalSection
	GlobalSection(ProjectConfigurationPlatforms) = postSolution
		{7C90C43B-B237-4F86-8088-53D686C7FDEA}.Debug|Any CPU.ActiveCfg = Debug|Any CPU
		{7C90C43B-B237-4F86-8088-53D686C7FDEA}.Debug|Any CPU.Build.0 = Debug|Any CPU
		{7C90C43B-B237-4F86-8088-53D686C7FDEA}.Release|Any CPU.ActiveCfg = Release|Any CPU
		{7C90C43B-B237-4F86-8088-53D686C7FDEA}.Release|Any CPU.Build.0 = Release|Any CPU
	EndGlobalSection
	GlobalSection(SolutionProperties) = preSolution
		HideSolutionNode = FALSE
	EndGlobalSection
	GlobalSection(ExtensibilityGlobals) = postSolution
		SolutionGuid = {4FD2225A-66E4-4612-B5C8-E1DF8E3B0FCE}
	EndGlobalSection
EndGlobal
